{
    "_readme": [
        "This file locks the dependencies of your project to a known state",
        "Read more about it at https://getcomposer.org/doc/01-basic-usage.md#composer-lock-the-lock-file",
        "This file is @generated automatically"
    ],
    "hash": "52f95ba549cb75b079c7f242d117c928",
    "content-hash": "c11bebd3f2ff381da2656a119ce518e8",
    "packages": [
        {
            "name": "afragen/github-updater",
            "version": "5.3.2",
            "source": {
                "type": "git",
                "url": "https://github.com/afragen/github-updater.git",
                "reference": "3785f3508ed8fef50d112a134291a2435dce8064"
            },
            "dist": {
                "type": "zip",
                "url": "https://api.github.com/repos/afragen/github-updater/zipball/3785f3508ed8fef50d112a134291a2435dce8064",
                "reference": "3785f3508ed8fef50d112a134291a2435dce8064",
                "shasum": ""
            },
            "require": {
                "composer/installers": "^1.0",
                "php": ">=5.3"
            },
            "type": "wordpress-plugin",
            "notification-url": "https://packagist.org/downloads/",
            "license": [
                "GPLv2"
            ],
            "authors": [
                {
                    "name": "Andy Fragen",
                    "email": "andy@thefragens.com",
                    "homepage": "http://thefragens.com",
                    "role": "Developer"
                }
            ],
            "keywords": [
                "install",
                "plugin",
                "theme",
                "updater",
                "wordpress"
            ],
            "time": "2015-12-22 03:51:31"
        },
        {
            "name": "composer/installers",
            "version": "v1.0.22",
            "source": {
                "type": "git",
                "url": "https://github.com/composer/installers.git",
                "reference": "bd9b14f094c89c8b5804a4e41edeb7853bb85046"
            },
            "dist": {
                "type": "zip",
                "url": "https://api.github.com/repos/composer/installers/zipball/bd9b14f094c89c8b5804a4e41edeb7853bb85046",
                "reference": "bd9b14f094c89c8b5804a4e41edeb7853bb85046",
                "shasum": ""
            },
            "require": {
                "composer-plugin-api": "1.0.0"
            },
            "replace": {
                "roundcube/plugin-installer": "*",
                "shama/baton": "*"
            },
            "require-dev": {
                "composer/composer": "1.0.*@dev",
                "phpunit/phpunit": "4.1.*"
            },
            "type": "composer-plugin",
            "extra": {
                "class": "Composer\\Installers\\Plugin",
                "branch-alias": {
                    "dev-master": "1.0-dev"
                }
            },
            "autoload": {
                "psr-0": {
                    "Composer\\Installers\\": "src/"
                }
            },
            "notification-url": "https://packagist.org/downloads/",
            "license": [
                "MIT"
            ],
            "authors": [
                {
                    "name": "Kyle Robinson Young",
                    "email": "kyle@dontkry.com",
                    "homepage": "https://github.com/shama"
                }
            ],
            "description": "A multi-framework Composer library installer",
            "homepage": "http://composer.github.com/installers/",
            "keywords": [
                "Craft",
                "Dolibarr",
                "Hurad",
                "MODX Evo",
                "OXID",
                "SMF",
                "Thelia",
                "WolfCMS",
                "agl",
                "aimeos",
                "annotatecms",
                "bitrix",
                "cakephp",
                "chef",
                "codeigniter",
                "concrete5",
                "croogo",
                "dokuwiki",
                "drupal",
                "elgg",
                "fuelphp",
                "grav",
                "installer",
                "joomla",
                "kohana",
                "laravel",
                "lithium",
                "magento",
                "mako",
                "mediawiki",
                "modulework",
                "moodle",
                "phpbb",
                "piwik",
                "ppi",
                "puppet",
                "roundcube",
                "shopware",
                "silverstripe",
                "symfony",
                "typo3",
                "wordpress",
                "zend",
                "zikula"
            ],
            "time": "2015-10-29 23:28:48"
        },
        {
            "name": "johnpbloch/wordpress",
            "version": "4.4",
            "source": {
                "type": "git",
                "url": "https://github.com/johnpbloch/wordpress.git",
                "reference": "ad70e5cf518b697eed94f558ca6c88e5cc87e65b"
            },
            "dist": {
                "type": "zip",
                "url": "https://api.github.com/repos/johnpbloch/wordpress/zipball/ad70e5cf518b697eed94f558ca6c88e5cc87e65b",
                "reference": "ad70e5cf518b697eed94f558ca6c88e5cc87e65b",
                "shasum": ""
            },
            "require": {
                "johnpbloch/wordpress-core-installer": "~0.2",
                "php": ">=5.3.2"
            },
            "type": "wordpress-core",
            "notification-url": "https://packagist.org/downloads/",
            "license": [
                "GPL-2.0+"
            ],
            "authors": [
                {
                    "name": "WordPress Community",
                    "homepage": "http://wordpress.org/about/"
                }
            ],
            "description": "WordPress is web software you can use to create a beautiful website or blog.",
            "homepage": "http://wordpress.org/",
            "keywords": [
                "blog",
                "cms"
            ],
            "time": "2015-12-08 23:46:14"
        },
        {
            "name": "johnpbloch/wordpress-core-installer",
            "version": "0.2.1",
            "source": {
                "type": "git",
                "url": "https://github.com/johnpbloch/wordpress-core-installer.git",
                "reference": "a04c2c383ef13aae077f36799ed2eafdebd618d2"
            },
            "dist": {
                "type": "zip",
                "url": "https://api.github.com/repos/johnpbloch/wordpress-core-installer/zipball/a04c2c383ef13aae077f36799ed2eafdebd618d2",
                "reference": "a04c2c383ef13aae077f36799ed2eafdebd618d2",
                "shasum": ""
            },
            "require": {
                "composer-plugin-api": "^1.0"
            },
            "conflict": {
                "composer/installers": "<1.0.6"
            },
            "require-dev": {
                "composer/composer": "1.0.*@dev"
            },
            "type": "composer-plugin",
            "extra": {
                "class": "johnpbloch\\Composer\\WordPressCorePlugin"
            },
            "autoload": {
                "psr-0": {
                    "johnpbloch\\Composer\\": "src/"
                }
            },
            "notification-url": "https://packagist.org/downloads/",
            "license": [
                "GPL-2.0+"
            ],
            "authors": [
                {
                    "name": "John P. Bloch",
                    "email": "me@johnpbloch.com"
                }
            ],
            "description": "A custom installer to handle deploying WordPress with composer",
            "keywords": [
                "wordpress"
            ],
            "time": "2015-06-11 15:15:30"
        },
        {
            "name": "roots/soil",
            "version": "3.6.2",
            "source": {
                "type": "git",
                "url": "https://github.com/roots/soil.git",
                "reference": "8b534d4b271033d22b8fa0d055c740f7f9c4ca58"
            },
            "dist": {
                "type": "zip",
                "url": "https://api.github.com/repos/roots/soil/zipball/8b534d4b271033d22b8fa0d055c740f7f9c4ca58",
                "reference": "8b534d4b271033d22b8fa0d055c740f7f9c4ca58",
                "shasum": ""
            },
            "require": {
                "composer/installers": "~1.0",
                "php": ">=5.4.0"
            },
            "type": "wordpress-plugin",
            "notification-url": "https://packagist.org/downloads/",
            "license": [
                "MIT"
            ],
            "authors": [
                {
                    "name": "Scott Walkinshaw",
                    "email": "scott.walkinshaw@gmail.com",
                    "homepage": "https://github.com/swalkinshaw"
                },
                {
                    "name": "Ben Word",
                    "email": "ben@benword.com",
                    "homepage": "https://github.com/retlehs"
                }
            ],
            "description": "A WordPress plugin which contains a collection of modules to apply theme-agnostic front-end modifications",
            "homepage": "https://roots.io/plugins/soil/",
            "keywords": [
                "wordpress"
            ],
            "time": "2015-12-24 19:42:34"
        },
        {
            "name": "vlucas/phpdotenv",
            "version": "v2.1.0",
            "source": {
                "type": "git",
                "url": "https://github.com/vlucas/phpdotenv.git",
                "reference": "c10040e0df17d2ee88e9212b50cbe9319e878f59"
            },
            "dist": {
                "type": "zip",
                "url": "https://api.github.com/repos/vlucas/phpdotenv/zipball/c10040e0df17d2ee88e9212b50cbe9319e878f59",
                "reference": "c10040e0df17d2ee88e9212b50cbe9319e878f59",
                "shasum": ""
            },
            "require": {
                "php": ">=5.3.9"
            },
            "require-dev": {
                "phpunit/phpunit": "~4.0"
            },
            "type": "library",
            "extra": {
                "branch-alias": {
                    "dev-master": "2.1-dev"
                }
            },
            "autoload": {
                "psr-4": {
                    "Dotenv\\": "src/"
                }
            },
            "notification-url": "https://packagist.org/downloads/",
            "license": [
                "BSD"
            ],
            "authors": [
                {
                    "name": "Vance Lucas",
                    "email": "vance@vancelucas.com",
                    "homepage": "http://www.vancelucas.com"
                }
            ],
            "description": "Loads environment variables from `.env` to `getenv()`, `$_ENV` and `$_SERVER` automagically.",
            "homepage": "http://github.com/vlucas/phpdotenv",
            "keywords": [
                "dotenv",
                "env",
                "environment"
            ],
            "time": "2015-10-28 18:53:35"
        },
        {
            "name": "wp-sync-db/wp-sync-db",
            "version": "dev-master",
            "source": {
                "type": "git",
                "url": "https://github.com/wp-sync-db/wp-sync-db.git",
                "reference": "d331c825cec8550e1f3fa573a513215ede95452f"
            },
            "dist": {
                "type": "zip",
                "url": "https://api.github.com/repos/wp-sync-db/wp-sync-db/zipball/d331c825cec8550e1f3fa573a513215ede95452f",
                "reference": "d331c825cec8550e1f3fa573a513215ede95452f",
                "shasum": ""
            },
            "require": {
                "composer/installers": "~1.0.6"
            },
            "type": "wordpress-plugin",
            "notification-url": "https://packagist.org/downloads/",
            "license": [
                "GPLv2"
            ],
            "description": "WP Sync DB eliminates the manual work of migrating a WP database.",
            "homepage": "https://github.com/wp-sync-db/wp-sync-db",
            "keywords": [
                "db",
                "plugin",
                "wordpress",
                "wp-sync-db"
            ],
            "time": "2015-05-02 21:48:19"
        },
        {
            "name": "wp-sync-db/wp-sync-db-media-files",
            "version": "1.1.5",
            "source": {
                "type": "git",
                "url": "https://github.com/wp-sync-db/wp-sync-db-media-files.git",
                "reference": "be6dc51678ee7e44c158d9bd38169aba4ac8964c"
            },
            "dist": {
                "type": "zip",
                "url": "https://api.github.com/repos/wp-sync-db/wp-sync-db-media-files/zipball/be6dc51678ee7e44c158d9bd38169aba4ac8964c",
                "reference": "be6dc51678ee7e44c158d9bd38169aba4ac8964c",
                "shasum": ""
            },
            "require": {
                "composer/installers": "~1.0.6"
            },
            "type": "wordpress-plugin",
            "notification-url": "https://packagist.org/downloads/",
            "license": [
                "GPLv2"
            ],
            "description": "WP Sync DB Media File Addon for WP Sync DB",
            "homepage": "https://github.com/wp-sync-db/wp-sync-db-media-files",
            "keywords": [
                "media",
                "plugin",
                "wordpress",
                "wp-sync-db"
            ],
            "time": "2015-01-17 02:23:40"
        },
        {
            "name": "wpackagist-plugin/ajax-load-more",
            "version": "2.8.5",
            "source": {
                "type": "svn",
                "url": "http://plugins.svn.wordpress.org/ajax-load-more/",
                "reference": "trunk"
            },
            "dist": {
                "type": "zip",
                "url": "https://downloads.wordpress.org/plugin/ajax-load-more.zip",
                "reference": null,
                "shasum": null
            },
            "require": {
                "composer/installers": "~1.0"
            },
            "type": "wordpress-plugin",
            "homepage": "https://wordpress.org/plugins/ajax-load-more/"
        },
        {
            "name": "wpackagist-plugin/akismet",
            "version": "3.1.6",
            "source": {
                "type": "svn",
                "url": "http://plugins.svn.wordpress.org/akismet/",
                "reference": "tags/3.1.6"
            },
            "dist": {
                "type": "zip",
                "url": "https://downloads.wordpress.org/plugin/akismet.3.1.6.zip",
                "reference": null,
                "shasum": null
            },
            "require": {
                "composer/installers": "~1.0"
            },
            "type": "wordpress-plugin",
            "homepage": "https://wordpress.org/plugins/akismet/"
        },
        {
            "name": "wpackagist-plugin/easy-author-image",
            "version": "1.5",
            "source": {
                "type": "svn",
                "url": "http://plugins.svn.wordpress.org/easy-author-image/",
                "reference": "tags/1.5"
            },
            "dist": {
                "type": "zip",
                "url": "https://downloads.wordpress.org/plugin/easy-author-image.1.5.zip",
                "reference": null,
                "shasum": null
            },
            "require": {
                "composer/installers": "~1.0"
            },
            "type": "wordpress-plugin",
            "homepage": "https://wordpress.org/plugins/easy-author-image/"
        },
        {
            "name": "wpackagist-plugin/force-regenerate-thumbnails",
            "version": "2.0.5",
            "source": {
                "type": "svn",
                "url": "http://plugins.svn.wordpress.org/force-regenerate-thumbnails/",
                "reference": "tags/2.0.5"
            },
            "dist": {
                "type": "zip",
                "url": "https://downloads.wordpress.org/plugin/force-regenerate-thumbnails.2.0.5.zip",
                "reference": null,
                "shasum": null
            },
            "require": {
                "composer/installers": "~1.0"
            },
            "type": "wordpress-plugin",
            "homepage": "https://wordpress.org/plugins/force-regenerate-thumbnails/"
        },
        {
            "name": "wpackagist-plugin/jetpack",
            "version": "3.8.2",
            "source": {
                "type": "svn",
                "url": "http://plugins.svn.wordpress.org/jetpack/",
                "reference": "tags/3.8.2"
            },
            "dist": {
                "type": "zip",
                "url": "https://downloads.wordpress.org/plugin/jetpack.3.8.2.zip",
                "reference": null,
                "shasum": null
            },
            "require": {
                "composer/installers": "~1.0"
            },
            "type": "wordpress-plugin",
            "homepage": "https://wordpress.org/plugins/jetpack/"
        },
        {
            "name": "wpackagist-plugin/mailgun",
            "version": "1.4.1",
            "source": {
                "type": "svn",
                "url": "http://plugins.svn.wordpress.org/mailgun/",
                "reference": "tags/1.4.1"
            },
            "dist": {
                "type": "zip",
                "url": "https://downloads.wordpress.org/plugin/mailgun.1.4.1.zip",
                "reference": null,
                "shasum": null
            },
            "require": {
                "composer/installers": "~1.0"
            },
            "type": "wordpress-plugin",
            "homepage": "https://wordpress.org/plugins/mailgun/"
        },
        {
            "name": "wpackagist-plugin/members",
            "version": "1.1.0",
            "source": {
                "type": "svn",
                "url": "http://plugins.svn.wordpress.org/members/",
                "reference": "tags/1.1.0"
            },
            "dist": {
                "type": "zip",
                "url": "https://downloads.wordpress.org/plugin/members.1.1.0.zip",
                "reference": null,
                "shasum": null
            },
            "require": {
                "composer/installers": "~1.0"
            },
            "type": "wordpress-plugin",
            "homepage": "https://wordpress.org/plugins/members/"
        },
        {
            "name": "wpackagist-plugin/recent-posts-widget-extended",
            "version": "0.9.9.5",
            "source": {
                "type": "svn",
                "url": "http://plugins.svn.wordpress.org/recent-posts-widget-extended/",
                "reference": "tags/0.9.9.5"
            },
            "dist": {
                "type": "zip",
                "url": "https://downloads.wordpress.org/plugin/recent-posts-widget-extended.0.9.9.5.zip",
                "reference": null,
                "shasum": null
            },
            "require": {
                "composer/installers": "~1.0"
            },
            "type": "wordpress-plugin",
            "homepage": "https://wordpress.org/plugins/recent-posts-widget-extended/"
        },
        {
            "name": "wpackagist-plugin/wck-custom-fields-and-custom-post-types-creator",
            "version": "1.1.7",
            "source": {
                "type": "svn",
                "url": "http://plugins.svn.wordpress.org/wck-custom-fields-and-custom-post-types-creator/",
                "reference": "tags/1.1.7"
            },
            "dist": {
                "type": "zip",
                "url": "https://downloads.wordpress.org/plugin/wck-custom-fields-and-custom-post-types-creator.1.1.7.zip",
                "reference": null,
                "shasum": null
            },
            "require": {
                "composer/installers": "~1.0"
            },
            "type": "wordpress-plugin",
            "homepage": "https://wordpress.org/plugins/wck-custom-fields-and-custom-post-types-creator/"
        },
        {
            "name": "wpackagist-plugin/wordpress-importer",
            "version": "0.6.1",
            "source": {
                "type": "svn",
                "url": "http://plugins.svn.wordpress.org/wordpress-importer/",
                "reference": "tags/0.6.1"
            },
            "dist": {
                "type": "zip",
                "url": "https://downloads.wordpress.org/plugin/wordpress-importer.0.6.1.zip",
                "reference": null,
                "shasum": null
            },
            "require": {
                "composer/installers": "~1.0"
            },
            "type": "wordpress-plugin",
            "homepage": "https://wordpress.org/plugins/wordpress-importer/"
        },
        {
            "name": "wpackagist-plugin/yikes-inc-easy-mailchimp-extender",
            "version": "6.0.3.5",
            "source": {
                "type": "svn",
                "url": "http://plugins.svn.wordpress.org/yikes-inc-easy-mailchimp-extender/",
                "reference": "tags/6.0.3.5"
            },
            "dist": {
                "type": "zip",
                "url": "https://downloads.wordpress.org/plugin/yikes-inc-easy-mailchimp-extender.6.0.3.5.zip",
                "reference": null,
                "shasum": null
            },
            "require": {
                "composer/installers": "~1.0"
            },
            "type": "wordpress-plugin",
            "homepage": "https://wordpress.org/plugins/yikes-inc-easy-mailchimp-extender/"
        },
        {
            "name": "wpackagist-theme/canard",
            "version": "1.0.6",
            "source": {
                "type": "svn",
                "url": "http://themes.svn.wordpress.org/canard/",
                "reference": "1.0.6"
            },
            "dist": {
                "type": "zip",
                "url": "https://downloads.wordpress.org/theme/canard.1.0.6.zip",
                "reference": null,
                "shasum": null
            },
            "require": {
                "composer/installers": "~1.0"
            },
            "type": "wordpress-theme",
            "homepage": "https://wordpress.org/themes/canard/"
        }
    ],
    "packages-dev": [],
    "aliases": [],
    "minimum-stability": "stable",
    "stability-flags": {
        "wp-sync-db/wp-sync-db": 20
    },
    "prefer-stable": false,
    "prefer-lowest": false,
    "platform": {
        "php": ">=5.5"
    },
    "platform-dev": []
}
